
Microsoft Visual Studio Solution File, Format Version 12.00
# Visual Studio 14
VisualStudioVersion = 14.0.24720.0
MinimumVisualStudioVersion = 10.0.40219.1
Project("{2150E333-8FDC-42A3-9474-1A3956D46DE8}") = "src", "src", "{41DBFC79-AEB6-480E-991D-952B2CBD0A96}"
EndProject
Project("{2150E333-8FDC-42A3-9474-1A3956D46DE8}") = "Solution Items", "Solution Items", "{331AA627-8D47-4FDE-BA4C-BE5522ABCE41}"
	ProjectSection(SolutionItems) = preProject
		global.json = global.json
	EndProjectSection
EndProject
Project("{8BB2217D-0F2D-49D1-97BC-3654ED321F3B}") = "WebApiWithAuth", "src\WebApiWithAuth\WebApiWithAuth.xproj", "{5614B74C-5EB5-40D7-9432-D766CDC9F59B}"
EndProject
Project("{8BB2217D-0F2D-49D1-97BC-3654ED321F3B}") = "Microsoft.AspNet.Authentication", "..\aspnet\Security\src\Microsoft.AspNet.Authentication\Microsoft.AspNet.Authentication.xproj", "{2286250A-52C8-4126-9F93-B1E45F0AD078}"
EndProject
Project("{8BB2217D-0F2D-49D1-97BC-3654ED321F3B}") = "Microsoft.AspNet.Authentication.Cookies", "..\aspnet\Security\src\Microsoft.AspNet.Authentication.Cookies\Microsoft.AspNet.Authentication.Cookies.xproj", "{FC152CC4-054B-457E-8D91-389C5DE3C561}"
EndProject
Project("{8BB2217D-0F2D-49D1-97BC-3654ED321F3B}") = "Microsoft.AspNet.Authentication.Google", "..\aspnet\Security\src\Microsoft.AspNet.Authentication.Google\Microsoft.AspNet.Authentication.Google.xproj", "{76579C39-B829-490D-B8BE-1BD35FE8412E}"
EndProject
Project("{8BB2217D-0F2D-49D1-97BC-3654ED321F3B}") = "Microsoft.AspNet.Authentication.JwtBearer", "..\aspnet\Security\src\Microsoft.AspNet.Authentication.JwtBearer\Microsoft.AspNet.Authentication.JwtBearer.xproj", "{2755BFE5-7421-4A31-A644-F817DF5CAA98}"
EndProject
Project("{8BB2217D-0F2D-49D1-97BC-3654ED321F3B}") = "Microsoft.AspNet.Authentication.OAuth", "..\aspnet\Security\src\Microsoft.AspNet.Authentication.OAuth\Microsoft.AspNet.Authentication.OAuth.xproj", "{1657C79E-7755-4AEE-9D61-571295B69A30}"
EndProject
Project("{8BB2217D-0F2D-49D1-97BC-3654ED321F3B}") = "Microsoft.AspNet.Authorization", "..\aspnet\Security\src\Microsoft.AspNet.Authorization\Microsoft.AspNet.Authorization.xproj", "{6AB3E514-5894-4131-9399-DC7D5284ADDB}"
EndProject
Project("{8BB2217D-0F2D-49D1-97BC-3654ED321F3B}") = "SimpleJwtAuth", "src\SimpleJwtAuth\SimpleJwtAuth.xproj", "{C4245107-CB9E-4848-85A6-93D278C71203}"
EndProject
Project("{8BB2217D-0F2D-49D1-97BC-3654ED321F3B}") = "Microsoft.AspNet.Identity", "..\aspnet\Identity\src\Microsoft.AspNet.Identity\Microsoft.AspNet.Identity.xproj", "{1729302E-A58E-4652-B639-5B6B68DA2748}"
EndProject
Project("{8BB2217D-0F2D-49D1-97BC-3654ED321F3B}") = "Microsoft.AspNet.Identity.EntityFramework", "..\aspnet\Identity\src\Microsoft.AspNet.Identity.EntityFramework\Microsoft.AspNet.Identity.EntityFramework.xproj", "{4490894C-3572-4E63-86F1-EE5105CE8A06}"
EndProject
Global
	GlobalSection(SolutionConfigurationPlatforms) = preSolution
		Debug|Any CPU = Debug|Any CPU
		Release|Any CPU = Release|Any CPU
	EndGlobalSection
	GlobalSection(ProjectConfigurationPlatforms) = postSolution
		{5614B74C-5EB5-40D7-9432-D766CDC9F59B}.Debug|Any CPU.ActiveCfg = Debug|Any CPU
		{5614B74C-5EB5-40D7-9432-D766CDC9F59B}.Debug|Any CPU.Build.0 = Debug|Any CPU
		{5614B74C-5EB5-40D7-9432-D766CDC9F59B}.Release|Any CPU.ActiveCfg = Release|Any CPU
		{5614B74C-5EB5-40D7-9432-D766CDC9F59B}.Release|Any CPU.Build.0 = Release|Any CPU
		{2286250A-52C8-4126-9F93-B1E45F0AD078}.Debug|Any CPU.ActiveCfg = Debug|Any CPU
		{2286250A-52C8-4126-9F93-B1E45F0AD078}.Debug|Any CPU.Build.0 = Debug|Any CPU
		{2286250A-52C8-4126-9F93-B1E45F0AD078}.Release|Any CPU.ActiveCfg = Release|Any CPU
		{2286250A-52C8-4126-9F93-B1E45F0AD078}.Release|Any CPU.Build.0 = Release|Any CPU
		{FC152CC4-054B-457E-8D91-389C5DE3C561}.Debug|Any CPU.ActiveCfg = Debug|Any CPU
		{FC152CC4-054B-457E-8D91-389C5DE3C561}.Debug|Any CPU.Build.0 = Debug|Any CPU
		{FC152CC4-054B-457E-8D91-389C5DE3C561}.Release|Any CPU.ActiveCfg = Release|Any CPU
		{FC152CC4-054B-457E-8D91-389C5DE3C561}.Release|Any CPU.Build.0 = Release|Any CPU
		{76579C39-B829-490D-B8BE-1BD35FE8412E}.Debug|Any CPU.ActiveCfg = Debug|Any CPU
		{76579C39-B829-490D-B8BE-1BD35FE8412E}.Debug|Any CPU.Build.0 = Debug|Any CPU
		{76579C39-B829-490D-B8BE-1BD35FE8412E}.Release|Any CPU.ActiveCfg = Release|Any CPU
		{76579C39-B829-490D-B8BE-1BD35FE8412E}.Release|Any CPU.Build.0 = Release|Any CPU
		{2755BFE5-7421-4A31-A644-F817DF5CAA98}.Debug|Any CPU.ActiveCfg = Debug|Any CPU
		{2755BFE5-7421-4A31-A644-F817DF5CAA98}.Debug|Any CPU.Build.0 = Debug|Any CPU
		{2755BFE5-7421-4A31-A644-F817DF5CAA98}.Release|Any CPU.ActiveCfg = Release|Any CPU
		{2755BFE5-7421-4A31-A644-F817DF5CAA98}.Release|Any CPU.Build.0 = Release|Any CPU
		{1657C79E-7755-4AEE-9D61-571295B69A30}.Debug|Any CPU.ActiveCfg = Debug|Any CPU
		{1657C79E-7755-4AEE-9D61-571295B69A30}.Debug|Any CPU.Build.0 = Debug|Any CPU
		{1657C79E-7755-4AEE-9D61-571295B69A30}.Release|Any CPU.ActiveCfg = Release|Any CPU
		{1657C79E-7755-4AEE-9D61-571295B69A30}.Release|Any CPU.Build.0 = Release|Any CPU
		{6AB3E514-5894-4131-9399-DC7D5284ADDB}.Debug|Any CPU.ActiveCfg = Debug|Any CPU
		{6AB3E514-5894-4131-9399-DC7D5284ADDB}.Debug|Any CPU.Build.0 = Debug|Any CPU
		{6AB3E514-5894-4131-9399-DC7D5284ADDB}.Release|Any CPU.ActiveCfg = Release|Any CPU
		{6AB3E514-5894-4131-9399-DC7D5284ADDB}.Release|Any CPU.Build.0 = Release|Any CPU
		{C4245107-CB9E-4848-85A6-93D278C71203}.Debug|Any CPU.ActiveCfg = Debug|Any CPU
		{C4245107-CB9E-4848-85A6-93D278C71203}.Debug|Any CPU.Build.0 = Debug|Any CPU
		{C4245107-CB9E-4848-85A6-93D278C71203}.Release|Any CPU.ActiveCfg = Release|Any CPU
		{C4245107-CB9E-4848-85A6-93D278C71203}.Release|Any CPU.Build.0 = Release|Any CPU
		{1729302E-A58E-4652-B639-5B6B68DA2748}.Debug|Any CPU.ActiveCfg = Debug|Any CPU
		{1729302E-A58E-4652-B639-5B6B68DA2748}.Debug|Any CPU.Build.0 = Debug|Any CPU
		{1729302E-A58E-4652-B639-5B6B68DA2748}.Release|Any CPU.ActiveCfg = Release|Any CPU
		{1729302E-A58E-4652-B639-5B6B68DA2748}.Release|Any CPU.Build.0 = Release|Any CPU
		{4490894C-3572-4E63-86F1-EE5105CE8A06}.Debug|Any CPU.ActiveCfg = Debug|Any CPU
		{4490894C-3572-4E63-86F1-EE5105CE8A06}.Debug|Any CPU.Build.0 = Debug|Any CPU
		{4490894C-3572-4E63-86F1-EE5105CE8A06}.Release|Any CPU.ActiveCfg = Release|Any CPU
		{4490894C-3572-4E63-86F1-EE5105CE8A06}.Release|Any CPU.Build.0 = Release|Any CPU
	EndGlobalSection
	GlobalSection(SolutionProperties) = preSolution
		HideSolutionNode = FALSE
	EndGlobalSection
	GlobalSection(NestedProjects) = preSolution
		{5614B74C-5EB5-40D7-9432-D766CDC9F59B} = {41DBFC79-AEB6-480E-991D-952B2CBD0A96}
		{C4245107-CB9E-4848-85A6-93D278C71203} = {41DBFC79-AEB6-480E-991D-952B2CBD0A96}
	EndGlobalSection
EndGlobal
